// !$*UTF8*$!
{
	archiveVersion = 1;
	classes = {
	};
	objectVersion = 50;
	objects = {

/* Begin PBXBuildFile section */
		A5FA4CE229B9F65900F3BA83 /* AppDelegate.swift in Sources */ = {isa = PBXBuildFile; fileRef = A5FA4CE129B9F65900F3BA83 /* AppDelegate.swift */; };
		A5FA4CE429B9F65900F3BA83 /* SceneDelegate.swift in Sources */ = {isa = PBXBuildFile; fileRef = A5FA4CE329B9F65900F3BA83 /* SceneDelegate.swift */; };
		A5FA4CE629B9F65900F3BA83 /* MeetingView.swift in Sources */ = {isa = PBXBuildFile; fileRef = A5FA4CE529B9F65900F3BA83 /* MeetingView.swift */; };
		A5FA4CE829B9F66200F3BA83 /* Assets.xcassets in Resources */ = {isa = PBXBuildFile; fileRef = A5FA4CE729B9F66200F3BA83 /* Assets.xcassets */; };
		A5FA4CEB29B9F66200F3BA83 /* Preview Assets.xcassets in Resources */ = {isa = PBXBuildFile; fileRef = A5FA4CEA29B9F66200F3BA83 /* Preview Assets.xcassets */; };
		A5FA4CEE29B9F66200F3BA83 /* LaunchScreen.storyboard in Resources */ = {isa = PBXBuildFile; fileRef = A5FA4CEC29B9F66200F3BA83 /* LaunchScreen.storyboard */; };
		A5FA4CF929B9F66200F3BA83 /* Group_ViewsTests.swift in Sources */ = {isa = PBXBuildFile; fileRef = A5FA4CF829B9F66200F3BA83 /* Group_ViewsTests.swift */; };
		A5FA4D0429B9F66300F3BA83 /* Group_ViewsUITests.swift in Sources */ = {isa = PBXBuildFile; fileRef = A5FA4D0329B9F66300F3BA83 /* Group_ViewsUITests.swift */; };
/* End PBXBuildFile section */

/* Begin PBXContainerItemProxy section */
		A5FA4CF529B9F66200F3BA83 /* PBXContainerItemProxy */ = {
			isa = PBXContainerItemProxy;
			containerPortal = A5FA4CD629B9F65900F3BA83 /* Project object */;
			proxyType = 1;
			remoteGlobalIDString = A5FA4CDD29B9F65900F3BA83;
			remoteInfo = "Group Views";
		};
		A5FA4D0029B9F66300F3BA83 /* PBXContainerItemProxy */ = {
			isa = PBXContainerItemProxy;
			containerPortal = A5FA4CD629B9F65900F3BA83 /* Project object */;
			proxyType = 1;
			remoteGlobalIDString = A5FA4CDD29B9F65900F3BA83;
			remoteInfo = "Group Views";
		};
/* End PBXContainerItemProxy section */

/* Begin PBXFileReference section */
		A5FA4CDE29B9F65900F3BA83 /* Group Views.app */ = {isa = PBXFileReference; explicitFileType = wrapper.application; includeInIndex = 0; path = "Group Views.app"; sourceTree = BUILT_PRODUCTS_DIR; };
		A5FA4CE129B9F65900F3BA83 /* AppDelegate.swift */ = {isa = PBXFileReference; lastKnownFileType = sourcecode.swift; path = AppDelegate.swift; sourceTree = "<group>"; };
		A5FA4CE329B9F65900F3BA83 /* SceneDelegate.swift */ = {isa = PBXFileReference; lastKnownFileType = sourcecode.swift; path = SceneDelegate.swift; sourceTree = "<group>"; };
		A5FA4CE529B9F65900F3BA83 /* MeetingView.swift */ = {isa = PBXFileReference; lastKnownFileType = sourcecode.swift; path = MeetingView.swift; sourceTree = "<group>"; };
		A5FA4CE729B9F66200F3BA83 /* Assets.xcassets */ = {isa = PBXFileReference; lastKnownFileType = folder.assetcatalog; path = Assets.xcassets; sourceTree = "<group>"; };
		A5FA4CEA29B9F66200F3BA83 /* Preview Assets.xcassets */ = {isa = PBXFileReference; lastKnownFileType = folder.assetcatalog; path = "Preview Assets.xcassets"; sourceTree = "<group>"; };
		A5FA4CED29B9F66200F3BA83 /* Base */ = {isa = PBXFileReference; lastKnownFileType = file.storyboard; name = Base; path = Base.lproj/LaunchScreen.storyboard; sourceTree = "<group>"; };
		A5FA4CEF29B9F66200F3BA83 /* Info.plist */ = {isa = PBXFileReference; lastKnownFileType = text.plist.xml; path = Info.plist; sourceTree = "<group>"; };
		A5FA4CF429B9F66200F3BA83 /* Group ViewsTests.xctest */ = {isa = PBXFileReference; explicitFileType = wrapper.cfbundle; includeInIndex = 0; path = "Group ViewsTests.xctest"; sourceTree = BUILT_PRODUCTS_DIR; };
		A5FA4CF829B9F66200F3BA83 /* Group_ViewsTests.swift */ = {isa = PBXFileReference; lastKnownFileType = sourcecode.swift; path = Group_ViewsTests.swift; sourceTree = "<group>"; };
		A5FA4CFA29B9F66200F3BA83 /* Info.plist */ = {isa = PBXFileReference; lastKnownFileType = text.plist.xml; path = Info.plist; sourceTree = "<group>"; };
		A5FA4CFF29B9F66300F3BA83 /* Group ViewsUITests.xctest */ = {isa = PBXFileReference; explicitFileType = wrapper.cfbundle; includeInIndex = 0; path = "Group ViewsUITests.xctest"; sourceTree = BUILT_PRODUCTS_DIR; };
		A5FA4D0329B9F66300F3BA83 /* Group_ViewsUITests.swift */ = {isa = PBXFileReference; lastKnownFileType = sourcecode.swift; path = Group_ViewsUITests.swift; sourceTree = "<group>"; };
		A5FA4D0529B9F66300F3BA83 /* Info.plist */ = {isa = PBXFileReference; lastKnownFileType = text.plist.xml; path = Info.plist; sourceTree = "<group>"; };
/* End PBXFileReference section */

/* Begin PBXFrameworksBuildPhase section */
		A5FA4CDB29B9F65900F3BA83 /* Frameworks */ = {
			isa = PBXFrameworksBuildPhase;
			buildActionMask = 2147483647;
			files = (
			);
			runOnlyForDeploymentPostprocessing = 0;
		};
		A5FA4CF129B9F66200F3BA83 /* Frameworks */ = {
			isa = PBXFrameworksBuildPhase;
			buildActionMask = 2147483647;
			files = (
			);
			runOnlyForDeploymentPostprocessing = 0;
		};
		A5FA4CFC29B9F66300F3BA83 /* Frameworks */ = {
			isa = PBXFrameworksBuildPhase;
			buildActionMask = 2147483647;
			files = (
			);
			runOnlyForDeploymentPostprocessing = 0;
		};
/* End PBXFrameworksBuildPhase section */

/* Begin PBXGroup section */
		A5FA4CD529B9F65900F3BA83 = {
			isa = PBXGroup;
			children = (
				A5FA4CE029B9F65900F3BA83 /* Group Views */,
				A5FA4CF729B9F66200F3BA83 /* Group ViewsTests */,
				A5FA4D0229B9F66300F3BA83 /* Group ViewsUITests */,
				A5FA4CDF29B9F65900F3BA83 /* Products */,
			);
			sourceTree = "<group>";
		};
		A5FA4CDF29B9F65900F3BA83 /* Products */ = {
			isa = PBXGroup;
			children = (
				A5FA4CDE29B9F65900F3BA83 /* Group Views.app */,
				A5FA4CF429B9F66200F3BA83 /* Group ViewsTests.xctest */,
				A5FA4CFF29B9F66300F3BA83 /* Group ViewsUITests.xctest */,
			);
			name = Products;
			sourceTree = "<group>";
		};
		A5FA4CE029B9F65900F3BA83 /* Group Views */ = {
			isa = PBXGroup;
			children = (
				A5FA4CE129B9F65900F3BA83 /* AppDelegate.swift */,
				A5FA4CE329B9F65900F3BA83 /* SceneDelegate.swift */,
				A5FA4CE529B9F65900F3BA83 /* MeetingView.swift */,
				A5FA4CE729B9F66200F3BA83 /* Assets.xcassets */,
				A5FA4CEC29B9F66200F3BA83 /* LaunchScreen.storyboard */,
				A5FA4CEF29B9F66200F3BA83 /* Info.plist */,
				A5FA4CE929B9F66200F3BA83 /* Preview Content */,
			);
			path = "Group Views";
			sourceTree = "<group>";
		};
		A5FA4CE929B9F66200F3BA83 /* Preview Content */ = {
			isa = PBXGroup;
			children = (
				A5FA4CEA29B9F66200F3BA83 /* Preview Assets.xcassets */,
			);
			path = "Preview Content";
			sourceTree = "<group>";
		};
		A5FA4CF729B9F66200F3BA83 /* Group ViewsTests */ = {
			isa = PBXGroup;
			children = (
				A5FA4CF829B9F66200F3BA83 /* Group_ViewsTests.swift */,
				A5FA4CFA29B9F66200F3BA83 /* Info.plist */,
			);
			path = "Group ViewsTests";
			sourceTree = "<group>";
		};
		A5FA4D0229B9F66300F3BA83 /* Group ViewsUITests */ = {
			isa = PBXGroup;
			children = (
				A5FA4D0329B9F66300F3BA83 /* Group_ViewsUITests.swift */,
				A5FA4D0529B9F66300F3BA83 /* Info.plist */,
			);
			path = "Group ViewsUITests";
			sourceTree = "<group>";
		};
/* End PBXGroup section */

/* Begin PBXNativeTarget section */
		A5FA4CDD29B9F65900F3BA83 /* Group Views */ = {
			isa = PBXNativeTarget;
			buildConfigurationList = A5FA4D0829B9F66300F3BA83 /* Build configuration list for PBXNativeTarget "Group Views" */;
			buildPhases = (
				A5FA4CDA29B9F65900F3BA83 /* Sources */,
				A5FA4CDB29B9F65900F3BA83 /* Frameworks */,
				A5FA4CDC29B9F65900F3BA83 /* Resources */,
			);
			buildRules = (
			);
			dependencies = (
			);
			name = "Group Views";
			productName = "Group Views";
			productReference = A5FA4CDE29B9F65900F3BA83 /* Group Views.app */;
			productType = "com.apple.product-type.application";
		};
		A5FA4CF329B9F66200F3BA83 /* Group ViewsTests */ = {
			isa = PBXNativeTarget;
			buildConfigurationList = A5FA4D0B29B9F66300F3BA83 /* Build configuration list for PBXNativeTarget "Group ViewsTests" */;
			buildPhases = (
				A5FA4CF029B9F66200F3BA83 /* Sources */,
				A5FA4CF129B9F66200F3BA83 /* Frameworks */,
				A5FA4CF229B9F66200F3BA83 /* Resources */,
			);
			buildRules = (
			);
			dependencies = (
				A5FA4CF629B9F66200F3BA83 /* PBXTargetDependency */,
			);
			name = "Group ViewsTests";
			productName = "Group ViewsTests";
			productReference = A5FA4CF429B9F66200F3BA83 /* Group ViewsTests.xctest */;
			productType = "com.apple.product-type.bundle.unit-test";
		};
		A5FA4CFE29B9F66300F3BA83 /* Group ViewsUITests */ = {
			isa = PBXNativeTarget;
			buildConfigurationList = A5FA4D0E29B9F66300F3BA83 /* Build configuration list for PBXNativeTarget "Group ViewsUITests" */;
			buildPhases = (
				A5FA4CFB29B9F66300F3BA83 /* Sources */,
				A5FA4CFC29B9F66300F3BA83 /* Frameworks */,
				A5FA4CFD29B9F66300F3BA83 /* Resources */,
			);
			buildRules = (
			);
			dependencies = (
				A5FA4D0129B9F66300F3BA83 /* PBXTargetDependency */,
			);
			name = "Group ViewsUITests";
			productName = "Group ViewsUITests";
			productReference = A5FA4CFF29B9F66300F3BA83 /* Group ViewsUITests.xctest */;
			productType = "com.apple.product-type.bundle.ui-testing";
		};
/* End PBXNativeTarget section */

/* Begin PBXProject section */
		A5FA4CD629B9F65900F3BA83 /* Project object */ = {
			isa = PBXProject;
			attributes = {
				LastSwiftUpdateCheck = 1130;
				LastUpgradeCheck = 1130;
				ORGANIZATIONNAME = "Brian The Original Yobra";
				TargetAttributes = {
					A5FA4CDD29B9F65900F3BA83 = {
						CreatedOnToolsVersion = 11.3.1;
					};
					A5FA4CF329B9F66200F3BA83 = {
						CreatedOnToolsVersion = 11.3.1;
						TestTargetID = A5FA4CDD29B9F65900F3BA83;
					};
					A5FA4CFE29B9F66300F3BA83 = {
						CreatedOnToolsVersion = 11.3.1;
						TestTargetID = A5FA4CDD29B9F65900F3BA83;
					};
				};
			};
			buildConfigurationList = A5FA4CD929B9F65900F3BA83 /* Build configuration list for PBXProject "Group Views" */;
			compatibilityVersion = "Xcode 9.3";
			developmentRegion = en;
			hasScannedForEncodings = 0;
			knownRegions = (
				en,
				Base,
			);
			mainGroup = A5FA4CD529B9F65900F3BA83;
			productRefGroup = A5FA4CDF29B9F65900F3BA83 /* Products */;
			projectDirPath = "";
			projectRoot = "";
			targets = (
				A5FA4CDD29B9F65900F3BA83 /* Group Views */,
				A5FA4CF329B9F66200F3BA83 /* Group ViewsTests */,
				A5FA4CFE29B9F66300F3BA83 /* Group ViewsUITests */,
			);
		};
/* End PBXProject section */

/* Begin PBXResourcesBuildPhase section */
		A5FA4CDC29B9F65900F3BA83 /* Resources */ = {
			isa = PBXResourcesBuildPhase;
			buildActionMask = 2147483647;
			files = (
				A5FA4CEE29B9F66200F3BA83 /* LaunchScreen.storyboard in Resources */,
				A5FA4CEB29B9F66200F3BA83 /* Preview Assets.xcassets in Resources */,
				A5FA4CE829B9F66200F3BA83 /* Assets.xcassets in Resources */,
			);
			runOnlyForDeploymentPostprocessing = 0;
		};
		A5FA4CF229B9F66200F3BA83 /* Resources */ = {
			isa = PBXResourcesBuildPhase;
			buildActionMask = 2147483647;
			files = (
			);
			runOnlyForDeploymentPostprocessing = 0;
		};
		A5FA4CFD29B9F66300F3BA83 /* Resources */ = {
			isa = PBXResourcesBuildPhase;
			buildActionMask = 2147483647;
			files = (
			);
			runOnlyForDeploymentPostprocessing = 0;
		};
/* End PBXResourcesBuildPhase section */

/* Begin PBXSourcesBuildPhase section */
		A5FA4CDA29B9F65900F3BA83 /* Sources */ = {
			isa = PBXSourcesBuildPhase;
			buildActionMask = 2147483647;
			files = (
				A5FA4CE229B9F65900F3BA83 /* AppDelegate.swift in Sources */,
				A5FA4CE429B9F65900F3BA83 /* SceneDelegate.swift in Sources */,
				A5FA4CE629B9F65900F3BA83 /* MeetingView.swift in Sources */,
			);
			runOnlyForDeploymentPostprocessing = 0;
		};
		A5FA4CF029B9F66200F3BA83 /* Sources */ = {
			isa = PBXSourcesBuildPhase;
			buildActionMask = 2147483647;
			files = (
				A5FA4CF929B9F66200F3BA83 /* Group_ViewsTests.swift in Sources */,
			);
			runOnlyForDeploymentPostprocessing = 0;
		};
		A5FA4CFB29B9F66300F3BA83 /* Sources */ = {
			isa = PBXSourcesBuildPhase;
			buildActionMask = 2147483647;
			files = (
				A5FA4D0429B9F66300F3BA83 /* Group_ViewsUITests.swift in Sources */,
			);
			runOnlyForDeploymentPostprocessing = 0;
		};
/* End PBXSourcesBuildPhase section */

/* Begin PBXTargetDependency section */
		A5FA4CF629B9F66200F3BA83 /* PBXTargetDependency */ = {
			isa = PBXTargetDependency;
			target = A5FA4CDD29B9F65900F3BA83 /* Group Views */;
			targetProxy = A5FA4CF529B9F66200F3BA83 /* PBXContainerItemProxy */;
		};
		A5FA4D0129B9F66300F3BA83 /* PBXTargetDependency */ = {
			isa = PBXTargetDependency;
			target = A5FA4CDD29B9F65900F3BA83 /* Group Views */;
			targetProxy = A5FA4D0029B9F66300F3BA83 /* PBXContainerItemProxy */;
		};
/* End PBXTargetDependency section */

/* Begin PBXVariantGroup section */
		A5FA4CEC29B9F66200F3BA83 /* LaunchScreen.storyboard */ = {
			isa = PBXVariantGroup;
			children = (
				A5FA4CED29B9F66200F3BA83 /* Base */,
			);
			name = LaunchScreen.storyboard;
			sourceTree = "<group>";
		};
/* End PBXVariantGroup section */

/* Begin XCBuildConfiguration section */
		A5FA4D0629B9F66300F3BA83 /* Debug */ = {
			isa = XCBuildConfiguration;
			buildSettings = {
				ALWAYS_SEARCH_USER_PATHS = NO;
				CLANG_ANALYZER_NONNULL = YES;
				CLANG_ANALYZER_NUMBER_OBJECT_CONVERSION = YES_AGGRESSIVE;
				CLANG_CXX_LANGUAGE_STANDARD = "gnu++14";
				CLANG_CXX_LIBRARY = "libc++";
				CLANG_ENABLE_MODULES = YES;
				CLANG_ENABLE_OBJC_ARC = YES;
				CLANG_ENABLE_OBJC_WEAK = YES;
				CLANG_WARN_BLOCK_CAPTURE_AUTORELEASING = YES;
				CLANG_WARN_BOOL_CONVERSION = YES;
				CLANG_WARN_COMMA = YES;
				CLANG_WARN_CONSTANT_CONVERSION = YES;
				CLANG_WARN_DEPRECATED_OBJC_IMPLEMENTATIONS = YES;
				CLANG_WARN_DIRECT_OBJC_ISA_USAGE = YES_ERROR;
				CLANG_WARN_DOCUMENTATION_COMMENTS = YES;
				CLANG_WARN_EMPTY_BODY = YES;
				CLANG_WARN_ENUM_CONVERSION = YES;
				CLANG_WARN_INFINITE_RECURSION = YES;
				CLANG_WARN_INT_CONVERSION = YES;
				CLANG_WARN_NON_LITERAL_NULL_CONVERSION = YES;
				CLANG_WARN_OBJC_IMPLICIT_RETAIN_SELF = YES;
				CLANG_WARN_OBJC_LITERAL_CONVERSION = YES;
				CLANG_WARN_OBJC_ROOT_CLASS = YES_ERROR;
				CLANG_WARN_RANGE_LOOP_ANALYSIS = YES;
				CLANG_WARN_STRICT_PROTOTYPES = YES;
				CLANG_WARN_SUSPICIOUS_MOVE = YES;
				CLANG_WARN_UNGUARDED_AVAILABILITY = YES_AGGRESSIVE;
				CLANG_WARN_UNREACHABLE_CODE = YES;
				CLANG_WARN__DUPLICATE_METHOD_MATCH = YES;
				COPY_PHASE_STRIP = NO;
				DEBUG_INFORMATION_FORMAT = dwarf;
				ENABLE_STRICT_OBJC_MSGSEND = YES;
				ENABLE_TESTABILITY = YES;
				GCC_C_LANGUAGE_STANDARD = gnu11;
				GCC_DYNAMIC_NO_PIC = NO;
				GCC_NO_COMMON_BLOCKS = YES;
				GCC_OPTIMIZATION_LEVEL = 0;
				GCC_PREPROCESSOR_DEFINITIONS = (
					"DEBUG=1",
					"$(inherited)",
				);
				GCC_WARN_64_TO_32_BIT_CONVERSION = YES;
				GCC_WARN_ABOUT_RETURN_TYPE = YES_ERROR;
				GCC_WARN_UNDECLARED_SELECTOR = YES;
				GCC_WARN_UNINITIALIZED_AUTOS = YES_AGGRESSIVE;
				GCC_WARN_UNUSED_FUNCTION = YES;
				GCC_WARN_UNUSED_VARIABLE = YES;
				IPHONEOS_DEPLOYMENT_TARGET = 13.2;
				MTL_ENABLE_DEBUG_INFO = INCLUDE_SOURCE;
				MTL_FAST_MATH = YES;
				ONLY_ACTIVE_ARCH = YES;
				SDKROOT = iphoneos;
				SWIFT_ACTIVE_COMPILATION_CONDITIONS = DEBUG;
				SWIFT_OPTIMIZATION_LEVEL = "-Onone";
			};
			name = Debug;
		};
		A5FA4D0729B9F66300F3BA83 /* Release */ = {
			isa = XCBuildConfiguration;
			buildSettings = {
				ALWAYS_SEARCH_USER_PATHS = NO;
				CLANG_ANALYZER_NONNULL = YES;
				CLANG_ANALYZER_NUMBER_OBJECT_CONVERSION = YES_AGGRESSIVE;
				CLANG_CXX_LANGUAGE_STANDARD = "gnu++14";
				CLANG_CXX_LIBRARY = "libc++";
				CLANG_ENABLE_MODULES = YES;
				CLANG_ENABLE_OBJC_ARC = YES;
				CLANG_ENABLE_OBJC_WEAK = YES;
				CLANG_WARN_BLOCK_CAPTURE_AUTORELEASING = YES;
				CLANG_WARN_BOOL_CONVERSION = YES;
				CLANG_WARN_COMMA = YES;
				CLANG_WARN_CONSTANT_CONVERSION = YES;
				CLANG_WARN_DEPRECATED_OBJC_IMPLEMENTATIONS = YES;
				CLANG_WARN_DIRECT_OBJC_ISA_USAGE = YES_ERROR;
				CLANG_WARN_DOCUMENTATION_COMMENTS = YES;
				CLANG_WARN_EMPTY_BODY = YES;
				CLANG_WARN_ENUM_CONVERSION = YES;
				CLANG_WARN_INFINITE_RECURSION = YES;
				CLANG_WARN_INT_CONVERSION = YES;
				CLANG_WARN_NON_LITERAL_NULL_CONVERSION = YES;
				CLANG_WARN_OBJC_IMPLICIT_RETAIN_SELF = YES;
				CLANG_WARN_OBJC_LITERAL_CONVERSION = YES;
				CLANG_WARN_OBJC_ROOT_CLASS = YES_ERROR;
				CLANG_WARN_RANGE_LOOP_ANALYSIS = YES;
				CLANG_WARN_STRICT_PROTOTYPES = YES;
				CLANG_WARN_SUSPICIOUS_MOVE = YES;
				CLANG_WARN_UNGUARDED_AVAILABILITY = YES_AGGRESSIVE;
				CLANG_WARN_UNREACHABLE_CODE = YES;
				CLANG_WARN__DUPLICATE_METHOD_MATCH = YES;
				COPY_PHASE_STRIP = NO;
				DEBUG_INFORMATION_FORMAT = "dwarf-with-dsym";
				ENABLE_NS_ASSERTIONS = NO;
				ENABLE_STRICT_OBJC_MSGSEND = YES;
				GCC_C_LANGUAGE_STANDARD = gnu11;
				GCC_NO_COMMON_BLOCKS = YES;
				GCC_WARN_64_TO_32_BIT_CONVERSION = YES;
				GCC_WARN_ABOUT_RETURN_TYPE = YES_ERROR;
				GCC_WARN_UNDECLARED_SELECTOR = YES;
				GCC_WARN_UNINITIALIZED_AUTOS = YES_AGGRESSIVE;
				GCC_WARN_UNUSED_FUNCTION = YES;
				GCC_WARN_UNUSED_VARIABLE = YES;
				IPHONEOS_DEPLOYMENT_TARGET = 13.2;
				MTL_ENABLE_DEBUG_INFO = NO;
				MTL_FAST_MATH = YES;
				SDKROOT = iphoneos;
				SWIFT_COMPILATION_MODE = wholemodule;
				SWIFT_OPTIMIZATION_LEVEL = "-O";
				VALIDATE_PRODUCT = YES;
			};
			name = Release;
		};
		A5FA4D0929B9F66300F3BA83 /* Debug */ = {
			isa = XCBuildConfiguration;
			buildSettings = {
				ASSETCATALOG_COMPILER_APPICON_NAME = AppIcon;
				CODE_SIGN_STYLE = Automatic;
				DEVELOPMENT_ASSET_PATHS = "\"Group Views/Preview Content\"";
				ENABLE_PREVIEWS = YES;
				INFOPLIST_FILE = "Group Views/Info.plist";
				LD_RUNPATH_SEARCH_PATHS = (
					"$(inherited)",
					"@executable_path/Frameworks",
				);
				PRODUCT_BUNDLE_IDENTIFIER = "bramcode.Group-Views";
				PRODUCT_NAME = "$(TARGET_NAME)";
				SWIFT_VERSION = 5.0;
				TARGETED_DEVICE_FAMILY = "1,2";
			};
			name = Debug;
		};
		A5FA4D0A29B9F66300F3BA83 /* Release */ = {
			isa = XCBuildConfiguration;
			buildSettings = {
				ASSETCATALOG_COMPILER_APPICON_NAME = AppIcon;
				CODE_SIGN_STYLE = Automatic;
				DEVELOPMENT_ASSET_PATHS = "\"Group Views/Preview Content\"";
				ENABLE_PREVIEWS = YES;
				INFOPLIST_FILE = "Group Views/Info.plist";
				LD_RUNPATH_SEARCH_PATHS = (
					"$(inherited)",
					"@executable_path/Frameworks",
				);
				PRODUCT_BUNDLE_IDENTIFIER = "bramcode.Group-Views";
				PRODUCT_NAME = "$(TARGET_NAME)";
				SWIFT_VERSION = 5.0;
				TARGETED_DEVICE_FAMILY = "1,2";
			};
			name = Release;
		};
		A5FA4D0C29B9F66300F3BA83 /* Debug */ = {
			isa = XCBuildConfiguration;
			buildSettings = {
				ALWAYS_EMBED_SWIFT_STANDARD_LIBRARIES = YES;
				BUNDLE_LOADER = "$(TEST_HOST)";
				CODE_SIGN_STYLE = Automatic;
				INFOPLIST_FILE = "Group ViewsTests/Info.plist";
				IPHONEOS_DEPLOYMENT_TARGET = 13.2;
				LD_RUNPATH_SEARCH_PATHS = (
					"$(inherited)",
					"@executable_path/Frameworks",
					"@loader_path/Frameworks",
				);
				PRODUCT_BUNDLE_IDENTIFIER = "bramcode.Group-ViewsTests";
				PRODUCT_NAME = "$(TARGET_NAME)";
				SWIFT_VERSION = 5.0;
				TARGETED_DEVICE_FAMILY = "1,2";
				TEST_HOST = "$(BUILT_PRODUCTS_DIR)/Group Views.app/Group Views";
			};
			name = Debug;
		};
		A5FA4D0D29B9F66300F3BA83 /* Release */ = {
			isa = XCBuildConfiguration;
			buildSettings = {
				ALWAYS_EMBED_SWIFT_STANDARD_LIBRARIES = YES;
				BUNDLE_LOADER = "$(TEST_HOST)";
				CODE_SIGN_STYLE = Automatic;
				INFOPLIST_FILE = "Group ViewsTests/Info.plist";
				IPHONEOS_DEPLOYMENT_TARGET = 13.2;
				LD_RUNPATH_SEARCH_PATHS = (
					"$(inherited)",
					"@executable_path/Frameworks",
					"@loader_path/Frameworks",
				);
				PRODUCT_BUNDLE_IDENTIFIER = "bramcode.Group-ViewsTests";
				PRODUCT_NAME = "$(TARGET_NAME)";
				SWIFT_VERSION = 5.0;
				TARGETED_DEVICE_FAMILY = "1,2";
				TEST_HOST = "$(BUILT_PRODUCTS_DIR)/Group Views.app/Group Views";
			};
			name = Release;
		};
		A5FA4D0F29B9F66300F3BA83 /* Debug */ = {
			isa = XCBuildConfiguration;
			buildSettings = {
				ALWAYS_EMBED_SWIFT_STANDARD_LIBRARIES = YES;
				CODE_SIGN_STYLE = Automatic;
				INFOPLIST_FILE = "Group ViewsUITests/Info.plist";
				LD_RUNPATH_SEARCH_PATHS = (
					"$(inherited)",
					"@executable_path/Frameworks",
					"@loader_path/Frameworks",
				);
				PRODUCT_BUNDLE_IDENTIFIER = "bramcode.Group-ViewsUITests";
				PRODUCT_NAME = "$(TARGET_NAME)";
				SWIFT_VERSION = 5.0;
				TARGETED_DEVICE_FAMILY = "1,2";
				TEST_TARGET_NAME = "Group Views";
			};
			name = Debug;
		};
		A5FA4D1029B9F66300F3BA83 /* Release */ = {
			isa = XCBuildConfiguration;
			buildSettings = {
				ALWAYS_EMBED_SWIFT_STANDARD_LIBRARIES = YES;
				CODE_SIGN_STYLE = Automatic;
				INFOPLIST_FILE = "Group ViewsUITests/Info.plist";
				LD_RUNPATH_SEARCH_PATHS = (
					"$(inherited)",
					"@executable_path/Frameworks",
					"@loader_path/Frameworks",
				);
				PRODUCT_BUNDLE_IDENTIFIER = "bramcode.Group-ViewsUITests";
				PRODUCT_NAME = "$(TARGET_NAME)";
				SWIFT_VERSION = 5.0;
				TARGETED_DEVICE_FAMILY = "1,2";
				TEST_TARGET_NAME = "Group Views";
			};
			name = Release;
		};
/* End XCBuildConfiguration section */

/* Begin XCConfigurationList section */
		A5FA4CD929B9F65900F3BA83 /* Build configuration list for PBXProject "Group Views" */ = {
			isa = XCConfigurationList;
			buildConfigurations = (
				A5FA4D0629B9F66300F3BA83 /* Debug */,
				A5FA4D0729B9F66300F3BA83 /* Release */,
			);
			defaultConfigurationIsVisible = 0;
			defaultConfigurationName = Release;
		};
		A5FA4D0829B9F66300F3BA83 /* Build configuration list for PBXNativeTarget "Group Views" */ = {
			isa = XCConfigurationList;
			buildConfigurations = (
				A5FA4D0929B9F66300F3BA83 /* Debug */,
				A5FA4D0A29B9F66300F3BA83 /* Release */,
			);
			defaultConfigurationIsVisible = 0;
			defaultConfigurationName = Release;
		};
		A5FA4D0B29B9F66300F3BA83 /* Build configuration list for PBXNativeTarget "Group ViewsTests" */ = {
			isa = XCConfigurationList;
			buildConfigurations = (
				A5FA4D0C29B9F66300F3BA83 /* Debug */,
				A5FA4D0D29B9F66300F3BA83 /* Release */,
			);
			defaultConfigurationIsVisible = 0;
			defaultConfigurationName = Release;
		};
		A5FA4D0E29B9F66300F3BA83 /* Build configuration list for PBXNativeTarget "Group ViewsUITests" */ = {
			isa = XCConfigurationList;
			buildConfigurations = (
				A5FA4D0F29B9F66300F3BA83 /* Debug */,
				A5FA4D1029B9F66300F3BA83 /* Release */,
			);
			defaultConfigurationIsVisible = 0;
			defaultConfigurationName = Release;
		};
/* End XCConfigurationList section */
	};
	rootObject = A5FA4CD629B9F65900F3BA83 /* Project object */;
}
