// !$*UTF8*$!
{
	archiveVersion = 1;
	classes = {
	};
	objectVersion = 50;
	objects = {

/* Begin PBXBuildFile section */
		A5FA4CA629B8D35600F3BA83 /* AppDelegate.swift in Sources */ = {isa = PBXBuildFile; fileRef = A5FA4CA529B8D35600F3BA83 /* AppDelegate.swift */; };
		A5FA4CA829B8D35600F3BA83 /* SceneDelegate.swift in Sources */ = {isa = PBXBuildFile; fileRef = A5FA4CA729B8D35600F3BA83 /* SceneDelegate.swift */; };
		A5FA4CAA29B8D35600F3BA83 /* ContentView.swift in Sources */ = {isa = PBXBuildFile; fileRef = A5FA4CA929B8D35600F3BA83 /* ContentView.swift */; };
		A5FA4CAC29B8D35900F3BA83 /* Assets.xcassets in Resources */ = {isa = PBXBuildFile; fileRef = A5FA4CAB29B8D35900F3BA83 /* Assets.xcassets */; };
		A5FA4CAF29B8D35900F3BA83 /* Preview Assets.xcassets in Resources */ = {isa = PBXBuildFile; fileRef = A5FA4CAE29B8D35900F3BA83 /* Preview Assets.xcassets */; };
		A5FA4CB229B8D35900F3BA83 /* LaunchScreen.storyboard in Resources */ = {isa = PBXBuildFile; fileRef = A5FA4CB029B8D35900F3BA83 /* LaunchScreen.storyboard */; };
		A5FA4CBD29B8D35A00F3BA83 /* hello_worldTests.swift in Sources */ = {isa = PBXBuildFile; fileRef = A5FA4CBC29B8D35A00F3BA83 /* hello_worldTests.swift */; };
		A5FA4CC829B8D35A00F3BA83 /* hello_worldUITests.swift in Sources */ = {isa = PBXBuildFile; fileRef = A5FA4CC729B8D35A00F3BA83 /* hello_worldUITests.swift */; };
/* End PBXBuildFile section */

/* Begin PBXContainerItemProxy section */
		A5FA4CB929B8D35A00F3BA83 /* PBXContainerItemProxy */ = {
			isa = PBXContainerItemProxy;
			containerPortal = A5FA4C9A29B8D35600F3BA83 /* Project object */;
			proxyType = 1;
			remoteGlobalIDString = A5FA4CA129B8D35600F3BA83;
			remoteInfo = hello_world;
		};
		A5FA4CC429B8D35A00F3BA83 /* PBXContainerItemProxy */ = {
			isa = PBXContainerItemProxy;
			containerPortal = A5FA4C9A29B8D35600F3BA83 /* Project object */;
			proxyType = 1;
			remoteGlobalIDString = A5FA4CA129B8D35600F3BA83;
			remoteInfo = hello_world;
		};
/* End PBXContainerItemProxy section */

/* Begin PBXFileReference section */
		A5FA4CA229B8D35600F3BA83 /* hello_world.app */ = {isa = PBXFileReference; explicitFileType = wrapper.application; includeInIndex = 0; path = hello_world.app; sourceTree = BUILT_PRODUCTS_DIR; };
		A5FA4CA529B8D35600F3BA83 /* AppDelegate.swift */ = {isa = PBXFileReference; lastKnownFileType = sourcecode.swift; path = AppDelegate.swift; sourceTree = "<group>"; };
		A5FA4CA729B8D35600F3BA83 /* SceneDelegate.swift */ = {isa = PBXFileReference; lastKnownFileType = sourcecode.swift; path = SceneDelegate.swift; sourceTree = "<group>"; };
		A5FA4CA929B8D35600F3BA83 /* ContentView.swift */ = {isa = PBXFileReference; lastKnownFileType = sourcecode.swift; path = ContentView.swift; sourceTree = "<group>"; };
		A5FA4CAB29B8D35900F3BA83 /* Assets.xcassets */ = {isa = PBXFileReference; lastKnownFileType = folder.assetcatalog; path = Assets.xcassets; sourceTree = "<group>"; };
		A5FA4CAE29B8D35900F3BA83 /* Preview Assets.xcassets */ = {isa = PBXFileReference; lastKnownFileType = folder.assetcatalog; path = "Preview Assets.xcassets"; sourceTree = "<group>"; };
		A5FA4CB129B8D35900F3BA83 /* Base */ = {isa = PBXFileReference; lastKnownFileType = file.storyboard; name = Base; path = Base.lproj/LaunchScreen.storyboard; sourceTree = "<group>"; };
		A5FA4CB329B8D35A00F3BA83 /* Info.plist */ = {isa = PBXFileReference; lastKnownFileType = text.plist.xml; path = Info.plist; sourceTree = "<group>"; };
		A5FA4CB829B8D35A00F3BA83 /* hello_worldTests.xctest */ = {isa = PBXFileReference; explicitFileType = wrapper.cfbundle; includeInIndex = 0; path = hello_worldTests.xctest; sourceTree = BUILT_PRODUCTS_DIR; };
		A5FA4CBC29B8D35A00F3BA83 /* hello_worldTests.swift */ = {isa = PBXFileReference; lastKnownFileType = sourcecode.swift; path = hello_worldTests.swift; sourceTree = "<group>"; };
		A5FA4CBE29B8D35A00F3BA83 /* Info.plist */ = {isa = PBXFileReference; lastKnownFileType = text.plist.xml; path = Info.plist; sourceTree = "<group>"; };
		A5FA4CC329B8D35A00F3BA83 /* hello_worldUITests.xctest */ = {isa = PBXFileReference; explicitFileType = wrapper.cfbundle; includeInIndex = 0; path = hello_worldUITests.xctest; sourceTree = BUILT_PRODUCTS_DIR; };
		A5FA4CC729B8D35A00F3BA83 /* hello_worldUITests.swift */ = {isa = PBXFileReference; lastKnownFileType = sourcecode.swift; path = hello_worldUITests.swift; sourceTree = "<group>"; };
		A5FA4CC929B8D35A00F3BA83 /* Info.plist */ = {isa = PBXFileReference; lastKnownFileType = text.plist.xml; path = Info.plist; sourceTree = "<group>"; };
/* End PBXFileReference section */

/* Begin PBXFrameworksBuildPhase section */
		A5FA4C9F29B8D35600F3BA83 /* Frameworks */ = {
			isa = PBXFrameworksBuildPhase;
			buildActionMask = 2147483647;
			files = (
			);
			runOnlyForDeploymentPostprocessing = 0;
		};
		A5FA4CB529B8D35A00F3BA83 /* Frameworks */ = {
			isa = PBXFrameworksBuildPhase;
			buildActionMask = 2147483647;
			files = (
			);
			runOnlyForDeploymentPostprocessing = 0;
		};
		A5FA4CC029B8D35A00F3BA83 /* Frameworks */ = {
			isa = PBXFrameworksBuildPhase;
			buildActionMask = 2147483647;
			files = (
			);
			runOnlyForDeploymentPostprocessing = 0;
		};
/* End PBXFrameworksBuildPhase section */

/* Begin PBXGroup section */
		A5FA4C9929B8D35600F3BA83 = {
			isa = PBXGroup;
			children = (
				A5FA4CA429B8D35600F3BA83 /* hello_world */,
				A5FA4CBB29B8D35A00F3BA83 /* hello_worldTests */,
				A5FA4CC629B8D35A00F3BA83 /* hello_worldUITests */,
				A5FA4CA329B8D35600F3BA83 /* Products */,
			);
			sourceTree = "<group>";
		};
		A5FA4CA329B8D35600F3BA83 /* Products */ = {
			isa = PBXGroup;
			children = (
				A5FA4CA229B8D35600F3BA83 /* hello_world.app */,
				A5FA4CB829B8D35A00F3BA83 /* hello_worldTests.xctest */,
				A5FA4CC329B8D35A00F3BA83 /* hello_worldUITests.xctest */,
			);
			name = Products;
			sourceTree = "<group>";
		};
		A5FA4CA429B8D35600F3BA83 /* hello_world */ = {
			isa = PBXGroup;
			children = (
				A5FA4CA529B8D35600F3BA83 /* AppDelegate.swift */,
				A5FA4CA729B8D35600F3BA83 /* SceneDelegate.swift */,
				A5FA4CA929B8D35600F3BA83 /* ContentView.swift */,
				A5FA4CAB29B8D35900F3BA83 /* Assets.xcassets */,
				A5FA4CB029B8D35900F3BA83 /* LaunchScreen.storyboard */,
				A5FA4CB329B8D35A00F3BA83 /* Info.plist */,
				A5FA4CAD29B8D35900F3BA83 /* Preview Content */,
			);
			path = hello_world;
			sourceTree = "<group>";
		};
		A5FA4CAD29B8D35900F3BA83 /* Preview Content */ = {
			isa = PBXGroup;
			children = (
				A5FA4CAE29B8D35900F3BA83 /* Preview Assets.xcassets */,
			);
			path = "Preview Content";
			sourceTree = "<group>";
		};
		A5FA4CBB29B8D35A00F3BA83 /* hello_worldTests */ = {
			isa = PBXGroup;
			children = (
				A5FA4CBC29B8D35A00F3BA83 /* hello_worldTests.swift */,
				A5FA4CBE29B8D35A00F3BA83 /* Info.plist */,
			);
			path = hello_worldTests;
			sourceTree = "<group>";
		};
		A5FA4CC629B8D35A00F3BA83 /* hello_worldUITests */ = {
			isa = PBXGroup;
			children = (
				A5FA4CC729B8D35A00F3BA83 /* hello_worldUITests.swift */,
				A5FA4CC929B8D35A00F3BA83 /* Info.plist */,
			);
			path = hello_worldUITests;
			sourceTree = "<group>";
		};
/* End PBXGroup section */

/* Begin PBXNativeTarget section */
		A5FA4CA129B8D35600F3BA83 /* hello_world */ = {
			isa = PBXNativeTarget;
			buildConfigurationList = A5FA4CCC29B8D35A00F3BA83 /* Build configuration list for PBXNativeTarget "hello_world" */;
			buildPhases = (
				A5FA4C9E29B8D35600F3BA83 /* Sources */,
				A5FA4C9F29B8D35600F3BA83 /* Frameworks */,
				A5FA4CA029B8D35600F3BA83 /* Resources */,
			);
			buildRules = (
			);
			dependencies = (
			);
			name = hello_world;
			productName = hello_world;
			productReference = A5FA4CA229B8D35600F3BA83 /* hello_world.app */;
			productType = "com.apple.product-type.application";
		};
		A5FA4CB729B8D35A00F3BA83 /* hello_worldTests */ = {
			isa = PBXNativeTarget;
			buildConfigurationList = A5FA4CCF29B8D35A00F3BA83 /* Build configuration list for PBXNativeTarget "hello_worldTests" */;
			buildPhases = (
				A5FA4CB429B8D35A00F3BA83 /* Sources */,
				A5FA4CB529B8D35A00F3BA83 /* Frameworks */,
				A5FA4CB629B8D35A00F3BA83 /* Resources */,
			);
			buildRules = (
			);
			dependencies = (
				A5FA4CBA29B8D35A00F3BA83 /* PBXTargetDependency */,
			);
			name = hello_worldTests;
			productName = hello_worldTests;
			productReference = A5FA4CB829B8D35A00F3BA83 /* hello_worldTests.xctest */;
			productType = "com.apple.product-type.bundle.unit-test";
		};
		A5FA4CC229B8D35A00F3BA83 /* hello_worldUITests */ = {
			isa = PBXNativeTarget;
			buildConfigurationList = A5FA4CD229B8D35A00F3BA83 /* Build configuration list for PBXNativeTarget "hello_worldUITests" */;
			buildPhases = (
				A5FA4CBF29B8D35A00F3BA83 /* Sources */,
				A5FA4CC029B8D35A00F3BA83 /* Frameworks */,
				A5FA4CC129B8D35A00F3BA83 /* Resources */,
			);
			buildRules = (
			);
			dependencies = (
				A5FA4CC529B8D35A00F3BA83 /* PBXTargetDependency */,
			);
			name = hello_worldUITests;
			productName = hello_worldUITests;
			productReference = A5FA4CC329B8D35A00F3BA83 /* hello_worldUITests.xctest */;
			productType = "com.apple.product-type.bundle.ui-testing";
		};
/* End PBXNativeTarget section */

/* Begin PBXProject section */
		A5FA4C9A29B8D35600F3BA83 /* Project object */ = {
			isa = PBXProject;
			attributes = {
				LastSwiftUpdateCheck = 1130;
				LastUpgradeCheck = 1130;
				ORGANIZATIONNAME = "Brian The Original Yobra";
				TargetAttributes = {
					A5FA4CA129B8D35600F3BA83 = {
						CreatedOnToolsVersion = 11.3.1;
					};
					A5FA4CB729B8D35A00F3BA83 = {
						CreatedOnToolsVersion = 11.3.1;
						TestTargetID = A5FA4CA129B8D35600F3BA83;
					};
					A5FA4CC229B8D35A00F3BA83 = {
						CreatedOnToolsVersion = 11.3.1;
						TestTargetID = A5FA4CA129B8D35600F3BA83;
					};
				};
			};
			buildConfigurationList = A5FA4C9D29B8D35600F3BA83 /* Build configuration list for PBXProject "hello_world" */;
			compatibilityVersion = "Xcode 9.3";
			developmentRegion = en;
			hasScannedForEncodings = 0;
			knownRegions = (
				en,
				Base,
			);
			mainGroup = A5FA4C9929B8D35600F3BA83;
			productRefGroup = A5FA4CA329B8D35600F3BA83 /* Products */;
			projectDirPath = "";
			projectRoot = "";
			targets = (
				A5FA4CA129B8D35600F3BA83 /* hello_world */,
				A5FA4CB729B8D35A00F3BA83 /* hello_worldTests */,
				A5FA4CC229B8D35A00F3BA83 /* hello_worldUITests */,
			);
		};
/* End PBXProject section */

/* Begin PBXResourcesBuildPhase section */
		A5FA4CA029B8D35600F3BA83 /* Resources */ = {
			isa = PBXResourcesBuildPhase;
			buildActionMask = 2147483647;
			files = (
				A5FA4CB229B8D35900F3BA83 /* LaunchScreen.storyboard in Resources */,
				A5FA4CAF29B8D35900F3BA83 /* Preview Assets.xcassets in Resources */,
				A5FA4CAC29B8D35900F3BA83 /* Assets.xcassets in Resources */,
			);
			runOnlyForDeploymentPostprocessing = 0;
		};
		A5FA4CB629B8D35A00F3BA83 /* Resources */ = {
			isa = PBXResourcesBuildPhase;
			buildActionMask = 2147483647;
			files = (
			);
			runOnlyForDeploymentPostprocessing = 0;
		};
		A5FA4CC129B8D35A00F3BA83 /* Resources */ = {
			isa = PBXResourcesBuildPhase;
			buildActionMask = 2147483647;
			files = (
			);
			runOnlyForDeploymentPostprocessing = 0;
		};
/* End PBXResourcesBuildPhase section */

/* Begin PBXSourcesBuildPhase section */
		A5FA4C9E29B8D35600F3BA83 /* Sources */ = {
			isa = PBXSourcesBuildPhase;
			buildActionMask = 2147483647;
			files = (
				A5FA4CA629B8D35600F3BA83 /* AppDelegate.swift in Sources */,
				A5FA4CA829B8D35600F3BA83 /* SceneDelegate.swift in Sources */,
				A5FA4CAA29B8D35600F3BA83 /* ContentView.swift in Sources */,
			);
			runOnlyForDeploymentPostprocessing = 0;
		};
		A5FA4CB429B8D35A00F3BA83 /* Sources */ = {
			isa = PBXSourcesBuildPhase;
			buildActionMask = 2147483647;
			files = (
				A5FA4CBD29B8D35A00F3BA83 /* hello_worldTests.swift in Sources */,
			);
			runOnlyForDeploymentPostprocessing = 0;
		};
		A5FA4CBF29B8D35A00F3BA83 /* Sources */ = {
			isa = PBXSourcesBuildPhase;
			buildActionMask = 2147483647;
			files = (
				A5FA4CC829B8D35A00F3BA83 /* hello_worldUITests.swift in Sources */,
			);
			runOnlyForDeploymentPostprocessing = 0;
		};
/* End PBXSourcesBuildPhase section */

/* Begin PBXTargetDependency section */
		A5FA4CBA29B8D35A00F3BA83 /* PBXTargetDependency */ = {
			isa = PBXTargetDependency;
			target = A5FA4CA129B8D35600F3BA83 /* hello_world */;
			targetProxy = A5FA4CB929B8D35A00F3BA83 /* PBXContainerItemProxy */;
		};
		A5FA4CC529B8D35A00F3BA83 /* PBXTargetDependency */ = {
			isa = PBXTargetDependency;
			target = A5FA4CA129B8D35600F3BA83 /* hello_world */;
			targetProxy = A5FA4CC429B8D35A00F3BA83 /* PBXContainerItemProxy */;
		};
/* End PBXTargetDependency section */

/* Begin PBXVariantGroup section */
		A5FA4CB029B8D35900F3BA83 /* LaunchScreen.storyboard */ = {
			isa = PBXVariantGroup;
			children = (
				A5FA4CB129B8D35900F3BA83 /* Base */,
			);
			name = LaunchScreen.storyboard;
			sourceTree = "<group>";
		};
/* End PBXVariantGroup section */

/* Begin XCBuildConfiguration section */
		A5FA4CCA29B8D35A00F3BA83 /* Debug */ = {
			isa = XCBuildConfiguration;
			buildSettings = {
				ALWAYS_SEARCH_USER_PATHS = NO;
				CLANG_ANALYZER_NONNULL = YES;
				CLANG_ANALYZER_NUMBER_OBJECT_CONVERSION = YES_AGGRESSIVE;
				CLANG_CXX_LANGUAGE_STANDARD = "gnu++14";
				CLANG_CXX_LIBRARY = "libc++";
				CLANG_ENABLE_MODULES = YES;
				CLANG_ENABLE_OBJC_ARC = YES;
				CLANG_ENABLE_OBJC_WEAK = YES;
				CLANG_WARN_BLOCK_CAPTURE_AUTORELEASING = YES;
				CLANG_WARN_BOOL_CONVERSION = YES;
				CLANG_WARN_COMMA = YES;
				CLANG_WARN_CONSTANT_CONVERSION = YES;
				CLANG_WARN_DEPRECATED_OBJC_IMPLEMENTATIONS = YES;
				CLANG_WARN_DIRECT_OBJC_ISA_USAGE = YES_ERROR;
				CLANG_WARN_DOCUMENTATION_COMMENTS = YES;
				CLANG_WARN_EMPTY_BODY = YES;
				CLANG_WARN_ENUM_CONVERSION = YES;
				CLANG_WARN_INFINITE_RECURSION = YES;
				CLANG_WARN_INT_CONVERSION = YES;
				CLANG_WARN_NON_LITERAL_NULL_CONVERSION = YES;
				CLANG_WARN_OBJC_IMPLICIT_RETAIN_SELF = YES;
				CLANG_WARN_OBJC_LITERAL_CONVERSION = YES;
				CLANG_WARN_OBJC_ROOT_CLASS = YES_ERROR;
				CLANG_WARN_RANGE_LOOP_ANALYSIS = YES;
				CLANG_WARN_STRICT_PROTOTYPES = YES;
				CLANG_WARN_SUSPICIOUS_MOVE = YES;
				CLANG_WARN_UNGUARDED_AVAILABILITY = YES_AGGRESSIVE;
				CLANG_WARN_UNREACHABLE_CODE = YES;
				CLANG_WARN__DUPLICATE_METHOD_MATCH = YES;
				COPY_PHASE_STRIP = NO;
				DEBUG_INFORMATION_FORMAT = dwarf;
				ENABLE_STRICT_OBJC_MSGSEND = YES;
				ENABLE_TESTABILITY = YES;
				GCC_C_LANGUAGE_STANDARD = gnu11;
				GCC_DYNAMIC_NO_PIC = NO;
				GCC_NO_COMMON_BLOCKS = YES;
				GCC_OPTIMIZATION_LEVEL = 0;
				GCC_PREPROCESSOR_DEFINITIONS = (
					"DEBUG=1",
					"$(inherited)",
				);
				GCC_WARN_64_TO_32_BIT_CONVERSION = YES;
				GCC_WARN_ABOUT_RETURN_TYPE = YES_ERROR;
				GCC_WARN_UNDECLARED_SELECTOR = YES;
				GCC_WARN_UNINITIALIZED_AUTOS = YES_AGGRESSIVE;
				GCC_WARN_UNUSED_FUNCTION = YES;
				GCC_WARN_UNUSED_VARIABLE = YES;
				IPHONEOS_DEPLOYMENT_TARGET = 13.2;
				MTL_ENABLE_DEBUG_INFO = INCLUDE_SOURCE;
				MTL_FAST_MATH = YES;
				ONLY_ACTIVE_ARCH = YES;
				SDKROOT = iphoneos;
				SWIFT_ACTIVE_COMPILATION_CONDITIONS = DEBUG;
				SWIFT_OPTIMIZATION_LEVEL = "-Onone";
			};
			name = Debug;
		};
		A5FA4CCB29B8D35A00F3BA83 /* Release */ = {
			isa = XCBuildConfiguration;
			buildSettings = {
				ALWAYS_SEARCH_USER_PATHS = NO;
				CLANG_ANALYZER_NONNULL = YES;
				CLANG_ANALYZER_NUMBER_OBJECT_CONVERSION = YES_AGGRESSIVE;
				CLANG_CXX_LANGUAGE_STANDARD = "gnu++14";
				CLANG_CXX_LIBRARY = "libc++";
				CLANG_ENABLE_MODULES = YES;
				CLANG_ENABLE_OBJC_ARC = YES;
				CLANG_ENABLE_OBJC_WEAK = YES;
				CLANG_WARN_BLOCK_CAPTURE_AUTORELEASING = YES;
				CLANG_WARN_BOOL_CONVERSION = YES;
				CLANG_WARN_COMMA = YES;
				CLANG_WARN_CONSTANT_CONVERSION = YES;
				CLANG_WARN_DEPRECATED_OBJC_IMPLEMENTATIONS = YES;
				CLANG_WARN_DIRECT_OBJC_ISA_USAGE = YES_ERROR;
				CLANG_WARN_DOCUMENTATION_COMMENTS = YES;
				CLANG_WARN_EMPTY_BODY = YES;
				CLANG_WARN_ENUM_CONVERSION = YES;
				CLANG_WARN_INFINITE_RECURSION = YES;
				CLANG_WARN_INT_CONVERSION = YES;
				CLANG_WARN_NON_LITERAL_NULL_CONVERSION = YES;
				CLANG_WARN_OBJC_IMPLICIT_RETAIN_SELF = YES;
				CLANG_WARN_OBJC_LITERAL_CONVERSION = YES;
				CLANG_WARN_OBJC_ROOT_CLASS = YES_ERROR;
				CLANG_WARN_RANGE_LOOP_ANALYSIS = YES;
				CLANG_WARN_STRICT_PROTOTYPES = YES;
				CLANG_WARN_SUSPICIOUS_MOVE = YES;
				CLANG_WARN_UNGUARDED_AVAILABILITY = YES_AGGRESSIVE;
				CLANG_WARN_UNREACHABLE_CODE = YES;
				CLANG_WARN__DUPLICATE_METHOD_MATCH = YES;
				COPY_PHASE_STRIP = NO;
				DEBUG_INFORMATION_FORMAT = "dwarf-with-dsym";
				ENABLE_NS_ASSERTIONS = NO;
				ENABLE_STRICT_OBJC_MSGSEND = YES;
				GCC_C_LANGUAGE_STANDARD = gnu11;
				GCC_NO_COMMON_BLOCKS = YES;
				GCC_WARN_64_TO_32_BIT_CONVERSION = YES;
				GCC_WARN_ABOUT_RETURN_TYPE = YES_ERROR;
				GCC_WARN_UNDECLARED_SELECTOR = YES;
				GCC_WARN_UNINITIALIZED_AUTOS = YES_AGGRESSIVE;
				GCC_WARN_UNUSED_FUNCTION = YES;
				GCC_WARN_UNUSED_VARIABLE = YES;
				IPHONEOS_DEPLOYMENT_TARGET = 13.2;
				MTL_ENABLE_DEBUG_INFO = NO;
				MTL_FAST_MATH = YES;
				SDKROOT = iphoneos;
				SWIFT_COMPILATION_MODE = wholemodule;
				SWIFT_OPTIMIZATION_LEVEL = "-O";
				VALIDATE_PRODUCT = YES;
			};
			name = Release;
		};
		A5FA4CCD29B8D35A00F3BA83 /* Debug */ = {
			isa = XCBuildConfiguration;
			buildSettings = {
				ASSETCATALOG_COMPILER_APPICON_NAME = AppIcon;
				CODE_SIGN_STYLE = Automatic;
				DEVELOPMENT_ASSET_PATHS = "\"hello_world/Preview Content\"";
				ENABLE_PREVIEWS = YES;
				INFOPLIST_FILE = hello_world/Info.plist;
				LD_RUNPATH_SEARCH_PATHS = (
					"$(inherited)",
					"@executable_path/Frameworks",
				);
				PRODUCT_BUNDLE_IDENTIFIER = "bramcode.hello-world";
				PRODUCT_NAME = "$(TARGET_NAME)";
				SWIFT_VERSION = 5.0;
				TARGETED_DEVICE_FAMILY = "1,2";
			};
			name = Debug;
		};
		A5FA4CCE29B8D35A00F3BA83 /* Release */ = {
			isa = XCBuildConfiguration;
			buildSettings = {
				ASSETCATALOG_COMPILER_APPICON_NAME = AppIcon;
				CODE_SIGN_STYLE = Automatic;
				DEVELOPMENT_ASSET_PATHS = "\"hello_world/Preview Content\"";
				ENABLE_PREVIEWS = YES;
				INFOPLIST_FILE = hello_world/Info.plist;
				LD_RUNPATH_SEARCH_PATHS = (
					"$(inherited)",
					"@executable_path/Frameworks",
				);
				PRODUCT_BUNDLE_IDENTIFIER = "bramcode.hello-world";
				PRODUCT_NAME = "$(TARGET_NAME)";
				SWIFT_VERSION = 5.0;
				TARGETED_DEVICE_FAMILY = "1,2";
			};
			name = Release;
		};
		A5FA4CD029B8D35A00F3BA83 /* Debug */ = {
			isa = XCBuildConfiguration;
			buildSettings = {
				ALWAYS_EMBED_SWIFT_STANDARD_LIBRARIES = YES;
				BUNDLE_LOADER = "$(TEST_HOST)";
				CODE_SIGN_STYLE = Automatic;
				INFOPLIST_FILE = hello_worldTests/Info.plist;
				IPHONEOS_DEPLOYMENT_TARGET = 13.2;
				LD_RUNPATH_SEARCH_PATHS = (
					"$(inherited)",
					"@executable_path/Frameworks",
					"@loader_path/Frameworks",
				);
				PRODUCT_BUNDLE_IDENTIFIER = "bramcode.hello-worldTests";
				PRODUCT_NAME = "$(TARGET_NAME)";
				SWIFT_VERSION = 5.0;
				TARGETED_DEVICE_FAMILY = "1,2";
				TEST_HOST = "$(BUILT_PRODUCTS_DIR)/hello_world.app/hello_world";
			};
			name = Debug;
		};
		A5FA4CD129B8D35A00F3BA83 /* Release */ = {
			isa = XCBuildConfiguration;
			buildSettings = {
				ALWAYS_EMBED_SWIFT_STANDARD_LIBRARIES = YES;
				BUNDLE_LOADER = "$(TEST_HOST)";
				CODE_SIGN_STYLE = Automatic;
				INFOPLIST_FILE = hello_worldTests/Info.plist;
				IPHONEOS_DEPLOYMENT_TARGET = 13.2;
				LD_RUNPATH_SEARCH_PATHS = (
					"$(inherited)",
					"@executable_path/Frameworks",
					"@loader_path/Frameworks",
				);
				PRODUCT_BUNDLE_IDENTIFIER = "bramcode.hello-worldTests";
				PRODUCT_NAME = "$(TARGET_NAME)";
				SWIFT_VERSION = 5.0;
				TARGETED_DEVICE_FAMILY = "1,2";
				TEST_HOST = "$(BUILT_PRODUCTS_DIR)/hello_world.app/hello_world";
			};
			name = Release;
		};
		A5FA4CD329B8D35A00F3BA83 /* Debug */ = {
			isa = XCBuildConfiguration;
			buildSettings = {
				ALWAYS_EMBED_SWIFT_STANDARD_LIBRARIES = YES;
				CODE_SIGN_STYLE = Automatic;
				INFOPLIST_FILE = hello_worldUITests/Info.plist;
				LD_RUNPATH_SEARCH_PATHS = (
					"$(inherited)",
					"@executable_path/Frameworks",
					"@loader_path/Frameworks",
				);
				PRODUCT_BUNDLE_IDENTIFIER = "bramcode.hello-worldUITests";
				PRODUCT_NAME = "$(TARGET_NAME)";
				SWIFT_VERSION = 5.0;
				TARGETED_DEVICE_FAMILY = "1,2";
				TEST_TARGET_NAME = hello_world;
			};
			name = Debug;
		};
		A5FA4CD429B8D35A00F3BA83 /* Release */ = {
			isa = XCBuildConfiguration;
			buildSettings = {
				ALWAYS_EMBED_SWIFT_STANDARD_LIBRARIES = YES;
				CODE_SIGN_STYLE = Automatic;
				INFOPLIST_FILE = hello_worldUITests/Info.plist;
				LD_RUNPATH_SEARCH_PATHS = (
					"$(inherited)",
					"@executable_path/Frameworks",
					"@loader_path/Frameworks",
				);
				PRODUCT_BUNDLE_IDENTIFIER = "bramcode.hello-worldUITests";
				PRODUCT_NAME = "$(TARGET_NAME)";
				SWIFT_VERSION = 5.0;
				TARGETED_DEVICE_FAMILY = "1,2";
				TEST_TARGET_NAME = hello_world;
			};
			name = Release;
		};
/* End XCBuildConfiguration section */

/* Begin XCConfigurationList section */
		A5FA4C9D29B8D35600F3BA83 /* Build configuration list for PBXProject "hello_world" */ = {
			isa = XCConfigurationList;
			buildConfigurations = (
				A5FA4CCA29B8D35A00F3BA83 /* Debug */,
				A5FA4CCB29B8D35A00F3BA83 /* Release */,
			);
			defaultConfigurationIsVisible = 0;
			defaultConfigurationName = Release;
		};
		A5FA4CCC29B8D35A00F3BA83 /* Build configuration list for PBXNativeTarget "hello_world" */ = {
			isa = XCConfigurationList;
			buildConfigurations = (
				A5FA4CCD29B8D35A00F3BA83 /* Debug */,
				A5FA4CCE29B8D35A00F3BA83 /* Release */,
			);
			defaultConfigurationIsVisible = 0;
			defaultConfigurationName = Release;
		};
		A5FA4CCF29B8D35A00F3BA83 /* Build configuration list for PBXNativeTarget "hello_worldTests" */ = {
			isa = XCConfigurationList;
			buildConfigurations = (
				A5FA4CD029B8D35A00F3BA83 /* Debug */,
				A5FA4CD129B8D35A00F3BA83 /* Release */,
			);
			defaultConfigurationIsVisible = 0;
			defaultConfigurationName = Release;
		};
		A5FA4CD229B8D35A00F3BA83 /* Build configuration list for PBXNativeTarget "hello_worldUITests" */ = {
			isa = XCConfigurationList;
			buildConfigurations = (
				A5FA4CD329B8D35A00F3BA83 /* Debug */,
				A5FA4CD429B8D35A00F3BA83 /* Release */,
			);
			defaultConfigurationIsVisible = 0;
			defaultConfigurationName = Release;
		};
/* End XCConfigurationList section */
	};
	rootObject = A5FA4C9A29B8D35600F3BA83 /* Project object */;
}
